// !$*UTF8*$!
{
	archiveVersion = 1;
	classes = {
	};
	objectVersion = 55;
	objects = {

/* Begin PBXBuildFile section */
		CA32089628AE8E6B00E0FFC9 /* NetworkManager.swift in Sources */ = {isa = PBXBuildFile; fileRef = CA32089528AE8E6B00E0FFC9 /* NetworkManager.swift */; };
		CA32089828AE926500E0FFC9 /* PostData.swift in Sources */ = {isa = PBXBuildFile; fileRef = CA32089728AE926500E0FFC9 /* PostData.swift */; };
		CA32089C28AF028000E0FFC9 /* DetailView.swift in Sources */ = {isa = PBXBuildFile; fileRef = CA32089B28AF028000E0FFC9 /* DetailView.swift */; };
		CA81FA6928ADE3E6008280D0 /* H4KOR_NewsApp.swift in Sources */ = {isa = PBXBuildFile; fileRef = CA81FA6828ADE3E6008280D0 /* H4KOR_NewsApp.swift */; };
		CA81FA6B28ADE3E6008280D0 /* ContentView.swift in Sources */ = {isa = PBXBuildFile; fileRef = CA81FA6A28ADE3E6008280D0 /* ContentView.swift */; };
		CA81FA6D28ADE3E8008280D0 /* Assets.xcassets in Resources */ = {isa = PBXBuildFile; fileRef = CA81FA6C28ADE3E8008280D0 /* Assets.xcassets */; };
		CA81FA7028ADE3E8008280D0 /* Preview Assets.xcassets in Resources */ = {isa = PBXBuildFile; fileRef = CA81FA6F28ADE3E8008280D0 /* Preview Assets.xcassets */; };
		CA8AE0FB28AF12DA00A43A3F /* WebView.swift in Sources */ = {isa = PBXBuildFile; fileRef = CA8AE0FA28AF12DA00A43A3F /* WebView.swift */; };
/* End PBXBuildFile section */

/* Begin PBXFileReference section */
		CA32089528AE8E6B00E0FFC9 /* NetworkManager.swift */ = {isa = PBXFileReference; lastKnownFileType = sourcecode.swift; path = NetworkManager.swift; sourceTree = "<group>"; };
		CA32089728AE926500E0FFC9 /* PostData.swift */ = {isa = PBXFileReference; lastKnownFileType = sourcecode.swift; path = PostData.swift; sourceTree = "<group>"; };
		CA32089B28AF028000E0FFC9 /* DetailView.swift */ = {isa = PBXFileReference; lastKnownFileType = sourcecode.swift; path = DetailView.swift; sourceTree = "<group>"; };
		CA81FA6528ADE3E6008280D0 /* H4KOR News.app */ = {isa = PBXFileReference; explicitFileType = wrapper.application; includeInIndex = 0; path = "H4KOR News.app"; sourceTree = BUILT_PRODUCTS_DIR; };
		CA81FA6828ADE3E6008280D0 /* H4KOR_NewsApp.swift */ = {isa = PBXFileReference; lastKnownFileType = sourcecode.swift; path = H4KOR_NewsApp.swift; sourceTree = "<group>"; };
		CA81FA6A28ADE3E6008280D0 /* ContentView.swift */ = {isa = PBXFileReference; lastKnownFileType = sourcecode.swift; path = ContentView.swift; sourceTree = "<group>"; };
		CA81FA6C28ADE3E8008280D0 /* Assets.xcassets */ = {isa = PBXFileReference; lastKnownFileType = folder.assetcatalog; path = Assets.xcassets; sourceTree = "<group>"; };
		CA81FA6F28ADE3E8008280D0 /* Preview Assets.xcassets */ = {isa = PBXFileReference; lastKnownFileType = folder.assetcatalog; path = "Preview Assets.xcassets"; sourceTree = "<group>"; };
		CA8AE0FA28AF12DA00A43A3F /* WebView.swift */ = {isa = PBXFileReference; lastKnownFileType = sourcecode.swift; path = WebView.swift; sourceTree = "<group>"; };
/* End PBXFileReference section */

/* Begin PBXFrameworksBuildPhase section */
		CA81FA6228ADE3E6008280D0 /* Frameworks */ = {
			isa = PBXFrameworksBuildPhase;
			buildActionMask = 2147483647;
			files = (
			);
			runOnlyForDeploymentPostprocessing = 0;
		};
/* End PBXFrameworksBuildPhase section */

/* Begin PBXGroup section */
		CA32089A28AF026900E0FFC9 /* View */ = {
			isa = PBXGroup;
			children = (
				CA81FA6A28ADE3E6008280D0 /* ContentView.swift */,
				CA32089B28AF028000E0FFC9 /* DetailView.swift */,
				CA8AE0FA28AF12DA00A43A3F /* WebView.swift */,
			);
			path = View;
			sourceTree = "<group>";
		};
		CA81FA5C28ADE3E6008280D0 = {
			isa = PBXGroup;
			children = (
				CA81FA6728ADE3E6008280D0 /* H4KOR News */,
				CA81FA6628ADE3E6008280D0 /* Products */,
			);
			sourceTree = "<group>";
		};
		CA81FA6628ADE3E6008280D0 /* Products */ = {
			isa = PBXGroup;
			children = (
				CA81FA6528ADE3E6008280D0 /* H4KOR News.app */,
			);
			name = Products;
			sourceTree = "<group>";
		};
		CA81FA6728ADE3E6008280D0 /* H4KOR News */ = {
			isa = PBXGroup;
			children = (
				CA81FA7628AE8D23008280D0 /* Model */,
				CA81FA6828ADE3E6008280D0 /* H4KOR_NewsApp.swift */,
				CA32089A28AF026900E0FFC9 /* View */,
				CA81FA6C28ADE3E8008280D0 /* Assets.xcassets */,
				CA81FA6E28ADE3E8008280D0 /* Preview Content */,
			);
			path = "H4KOR News";
			sourceTree = "<group>";
		};
		CA81FA6E28ADE3E8008280D0 /* Preview Content */ = {
			isa = PBXGroup;
			children = (
				CA81FA6F28ADE3E8008280D0 /* Preview Assets.xcassets */,
			);
			path = "Preview Content";
			sourceTree = "<group>";
		};
		CA81FA7628AE8D23008280D0 /* Model */ = {
			isa = PBXGroup;
			children = (
				CA32089528AE8E6B00E0FFC9 /* NetworkManager.swift */,
				CA32089728AE926500E0FFC9 /* PostData.swift */,
			);
			path = Model;
			sourceTree = "<group>";
		};
/* End PBXGroup section */

/* Begin PBXNativeTarget section */
		CA81FA6428ADE3E6008280D0 /* H4KOR News */ = {
			isa = PBXNativeTarget;
			buildConfigurationList = CA81FA7328ADE3E8008280D0 /* Build configuration list for PBXNativeTarget "H4KOR News" */;
			buildPhases = (
				CA81FA6128ADE3E6008280D0 /* Sources */,
				CA81FA6228ADE3E6008280D0 /* Frameworks */,
				CA81FA6328ADE3E6008280D0 /* Resources */,
			);
			buildRules = (
			);
			dependencies = (
			);
			name = "H4KOR News";
			productName = "H4KOR News";
			productReference = CA81FA6528ADE3E6008280D0 /* H4KOR News.app */;
			productType = "com.apple.product-type.application";
		};
/* End PBXNativeTarget section */

/* Begin PBXProject section */
		CA81FA5D28ADE3E6008280D0 /* Project object */ = {
			isa = PBXProject;
			attributes = {
				BuildIndependentTargetsInParallel = 1;
				LastSwiftUpdateCheck = 1340;
				LastUpgradeCheck = 1340;
				TargetAttributes = {
					CA81FA6428ADE3E6008280D0 = {
						CreatedOnToolsVersion = 13.4.1;
					};
				};
			};
			buildConfigurationList = CA81FA6028ADE3E6008280D0 /* Build configuration list for PBXProject "H4KOR News" */;
			compatibilityVersion = "Xcode 13.0";
			developmentRegion = en;
			hasScannedForEncodings = 0;
			knownRegions = (
				en,
				Base,
			);
			mainGroup = CA81FA5C28ADE3E6008280D0;
			productRefGroup = CA81FA6628ADE3E6008280D0 /* Products */;
			projectDirPath = "";
			projectRoot = "";
			targets = (
				CA81FA6428ADE3E6008280D0 /* H4KOR News */,
			);
		};
/* End PBXProject section */

/* Begin PBXResourcesBuildPhase section */
		CA81FA6328ADE3E6008280D0 /* Resources */ = {
			isa = PBXResourcesBuildPhase;
			buildActionMask = 2147483647;
			files = (
				CA81FA7028ADE3E8008280D0 /* Preview Assets.xcassets in Resources */,
				CA81FA6D28ADE3E8008280D0 /* Assets.xcassets in Resources */,
			);
			runOnlyForDeploymentPostprocessing = 0;
		};
/* End PBXResourcesBuildPhase section */

/* Begin PBXSourcesBuildPhase section */
		CA81FA6128ADE3E6008280D0 /* Sources */ = {
			isa = PBXSourcesBuildPhase;
			buildActionMask = 2147483647;
			files = (
				CA32089628AE8E6B00E0FFC9 /* NetworkManager.swift in Sources */,
				CA32089828AE926500E0FFC9 /* PostData.swift in Sources */,
				CA81FA6B28ADE3E6008280D0 /* ContentView.swift in Sources */,
				CA8AE0FB28AF12DA00A43A3F /* WebView.swift in Sources */,
				CA81FA6928ADE3E6008280D0 /* H4KOR_NewsApp.swift in Sources */,
				CA32089C28AF028000E0FFC9 /* DetailView.swift in Sources */,
			);
			runOnlyForDeploymentPostprocessing = 0;
		};
/* End PBXSourcesBuildPhase section */

/* Begin XCBuildConfiguration section */
		CA81FA7128ADE3E8008280D0 /* Debug */ = {
			isa = XCBuildConfiguration;
			buildSettings = {
				ALWAYS_SEARCH_USER_PATHS = NO;
				CLANG_ANALYZER_NONNULL = YES;
				CLANG_ANALYZER_NUMBER_OBJECT_CONVERSION = YES_AGGRESSIVE;
				CLANG_CXX_LANGUAGE_STANDARD = "gnu++17";
				CLANG_ENABLE_MODULES = YES;
				CLANG_ENABLE_OBJC_ARC = YES;
				CLANG_ENABLE_OBJC_WEAK = YES;
				CLANG_WARN_BLOCK_CAPTURE_AUTORELEASING = YES;
				CLANG_WARN_BOOL_CONVERSION = YES;
				CLANG_WARN_COMMA = YES;
				CLANG_WARN_CONSTANT_CONVERSION = YES;
				CLANG_WARN_DEPRECATED_OBJC_IMPLEMENTATIONS = YES;
				CLANG_WARN_DIRECT_OBJC_ISA_USAGE = YES_ERROR;
				CLANG_WARN_DOCUMENTATION_COMMENTS = YES;
				CLANG_WARN_EMPTY_BODY = YES;
				CLANG_WARN_ENUM_CONVERSION = YES;
				CLANG_WARN_INFINITE_RECURSION = YES;
				CLANG_WARN_INT_CONVERSION = YES;
				CLANG_WARN_NON_LITERAL_NULL_CONVERSION = YES;
				CLANG_WARN_OBJC_IMPLICIT_RETAIN_SELF = YES;
				CLANG_WARN_OBJC_LITERAL_CONVERSION = YES;
				CLANG_WARN_OBJC_ROOT_CLASS = YES_ERROR;
				CLANG_WARN_QUOTED_INCLUDE_IN_FRAMEWORK_HEADER = YES;
				CLANG_WARN_RANGE_LOOP_ANALYSIS = YES;
				CLANG_WARN_STRICT_PROTOTYPES = YES;
				CLANG_WARN_SUSPICIOUS_MOVE = YES;
				CLANG_WARN_UNGUARDED_AVAILABILITY = YES_AGGRESSIVE;
				CLANG_WARN_UNREACHABLE_CODE = YES;
				CLANG_WARN__DUPLICATE_METHOD_MATCH = YES;
				COPY_PHASE_STRIP = NO;
				DEBUG_INFORMATION_FORMAT = dwarf;
				ENABLE_STRICT_OBJC_MSGSEND = YES;
				ENABLE_TESTABILITY = YES;
				GCC_C_LANGUAGE_STANDARD = gnu11;
				GCC_DYNAMIC_NO_PIC = NO;
				GCC_NO_COMMON_BLOCKS = YES;
				GCC_OPTIMIZATION_LEVEL = 0;
				GCC_PREPROCESSOR_DEFINITIONS = (
					"DEBUG=1",
					"$(inherited)",
				);
				GCC_WARN_64_TO_32_BIT_CONVERSION = YES;
				GCC_WARN_ABOUT_RETURN_TYPE = YES_ERROR;
				GCC_WARN_UNDECLARED_SELECTOR = YES;
				GCC_WARN_UNINITIALIZED_AUTOS = YES_AGGRESSIVE;
				GCC_WARN_UNUSED_FUNCTION = YES;
				GCC_WARN_UNUSED_VARIABLE = YES;
				IPHONEOS_DEPLOYMENT_TARGET = 15.5;
				MTL_ENABLE_DEBUG_INFO = INCLUDE_SOURCE;
				MTL_FAST_MATH = YES;
				ONLY_ACTIVE_ARCH = YES;
				SDKROOT = iphoneos;
				SWIFT_ACTIVE_COMPILATION_CONDITIONS = DEBUG;
				SWIFT_OPTIMIZATION_LEVEL = "-Onone";
			};
			name = Debug;
		};
		CA81FA7228ADE3E8008280D0 /* Release */ = {
			isa = XCBuildConfiguration;
			buildSettings = {
				ALWAYS_SEARCH_USER_PATHS = NO;
				CLANG_ANALYZER_NONNULL = YES;
				CLANG_ANALYZER_NUMBER_OBJECT_CONVERSION = YES_AGGRESSIVE;
				CLANG_CXX_LANGUAGE_STANDARD = "gnu++17";
				CLANG_ENABLE_MODULES = YES;
				CLANG_ENABLE_OBJC_ARC = YES;
				CLANG_ENABLE_OBJC_WEAK = YES;
				CLANG_WARN_BLOCK_CAPTURE_AUTORELEASING = YES;
				CLANG_WARN_BOOL_CONVERSION = YES;
				CLANG_WARN_COMMA = YES;
				CLANG_WARN_CONSTANT_CONVERSION = YES;
				CLANG_WARN_DEPRECATED_OBJC_IMPLEMENTATIONS = YES;
				CLANG_WARN_DIRECT_OBJC_ISA_USAGE = YES_ERROR;
				CLANG_WARN_DOCUMENTATION_COMMENTS = YES;
				CLANG_WARN_EMPTY_BODY = YES;
				CLANG_WARN_ENUM_CONVERSION = YES;
				CLANG_WARN_INFINITE_RECURSION = YES;
				CLANG_WARN_INT_CONVERSION = YES;
				CLANG_WARN_NON_LITERAL_NULL_CONVERSION = YES;
				CLANG_WARN_OBJC_IMPLICIT_RETAIN_SELF = YES;
				CLANG_WARN_OBJC_LITERAL_CONVERSION = YES;
				CLANG_WARN_OBJC_ROOT_CLASS = YES_ERROR;
				CLANG_WARN_QUOTED_INCLUDE_IN_FRAMEWORK_HEADER = YES;
				CLANG_WARN_RANGE_LOOP_ANALYSIS = YES;
				CLANG_WARN_STRICT_PROTOTYPES = YES;
				CLANG_WARN_SUSPICIOUS_MOVE = YES;
				CLANG_WARN_UNGUARDED_AVAILABILITY = YES_AGGRESSIVE;
				CLANG_WARN_UNREACHABLE_CODE = YES;
				CLANG_WARN__DUPLICATE_METHOD_MATCH = YES;
				COPY_PHASE_STRIP = NO;
				DEBUG_INFORMATION_FORMAT = "dwarf-with-dsym";
				ENABLE_NS_ASSERTIONS = NO;
				ENABLE_STRICT_OBJC_MSGSEND = YES;
				GCC_C_LANGUAGE_STANDARD = gnu11;
				GCC_NO_COMMON_BLOCKS = YES;
				GCC_WARN_64_TO_32_BIT_CONVERSION = YES;
				GCC_WARN_ABOUT_RETURN_TYPE = YES_ERROR;
				GCC_WARN_UNDECLARED_SELECTOR = YES;
				GCC_WARN_UNINITIALIZED_AUTOS = YES_AGGRESSIVE;
				GCC_WARN_UNUSED_FUNCTION = YES;
				GCC_WARN_UNUSED_VARIABLE = YES;
				IPHONEOS_DEPLOYMENT_TARGET = 15.5;
				MTL_ENABLE_DEBUG_INFO = NO;
				MTL_FAST_MATH = YES;
				SDKROOT = iphoneos;
				SWIFT_COMPILATION_MODE = wholemodule;
				SWIFT_OPTIMIZATION_LEVEL = "-O";
				VALIDATE_PRODUCT = YES;
			};
			name = Release;
		};
		CA81FA7428ADE3E8008280D0 /* Debug */ = {
			isa = XCBuildConfiguration;
			buildSettings = {
				ASSETCATALOG_COMPILER_APPICON_NAME = AppIcon;
				ASSETCATALOG_COMPILER_GLOBAL_ACCENT_COLOR_NAME = AccentColor;
				CODE_SIGN_STYLE = Automatic;
				CURRENT_PROJECT_VERSION = 1;
				DEVELOPMENT_ASSET_PATHS = "\"H4KOR News/Preview Content\"";
				DEVELOPMENT_TEAM = 9U8MS35934;
				ENABLE_PREVIEWS = YES;
				GENERATE_INFOPLIST_FILE = YES;
				INFOPLIST_KEY_UIApplicationSceneManifest_Generation = YES;
				INFOPLIST_KEY_UIApplicationSupportsIndirectInputEvents = YES;
				INFOPLIST_KEY_UILaunchScreen_Generation = YES;
				INFOPLIST_KEY_UISupportedInterfaceOrientations_iPad = "UIInterfaceOrientationPortrait UIInterfaceOrientationPortraitUpsideDown UIInterfaceOrientationLandscapeLeft UIInterfaceOrientationLandscapeRight";
				INFOPLIST_KEY_UISupportedInterfaceOrientations_iPhone = "UIInterfaceOrientationPortrait UIInterfaceOrientationLandscapeLeft UIInterfaceOrientationLandscapeRight";
				LD_RUNPATH_SEARCH_PATHS = (
					"$(inherited)",
					"@executable_path/Frameworks",
				);
				MARKETING_VERSION = 1.0;
				PRODUCT_BUNDLE_IDENTIFIER = "com.nan.H4KOR-News";
				PRODUCT_NAME = "$(TARGET_NAME)";
				SWIFT_EMIT_LOC_STRINGS = YES;
				SWIFT_VERSION = 5.0;
				TARGETED_DEVICE_FAMILY = "1,2";
			};
			name = Debug;
		};
		CA81FA7528ADE3E8008280D0 /* Release */ = {
			isa = XCBuildConfiguration;
			buildSettings = {
				ASSETCATALOG_COMPILER_APPICON_NAME = AppIcon;
				ASSETCATALOG_COMPILER_GLOBAL_ACCENT_COLOR_NAME = AccentColor;
				CODE_SIGN_STYLE = Automatic;
				CURRENT_PROJECT_VERSION = 1;
				DEVELOPMENT_ASSET_PATHS = "\"H4KOR News/Preview Content\"";
				DEVELOPMENT_TEAM = 9U8MS35934;
				ENABLE_PREVIEWS = YES;
				GENERATE_INFOPLIST_FILE = YES;
				INFOPLIST_KEY_UIApplicationSceneManifest_Generation = YES;
				INFOPLIST_KEY_UIApplicationSupportsIndirectInputEvents = YES;
				INFOPLIST_KEY_UILaunchScreen_Generation = YES;
				INFOPLIST_KEY_UISupportedInterfaceOrientations_iPad = "UIInterfaceOrientationPortrait UIInterfaceOrientationPortraitUpsideDown UIInterfaceOrientationLandscapeLeft UIInterfaceOrientationLandscapeRight";
				INFOPLIST_KEY_UISupportedInterfaceOrientations_iPhone = "UIInterfaceOrientationPortrait UIInterfaceOrientationLandscapeLeft UIInterfaceOrientationLandscapeRight";
				LD_RUNPATH_SEARCH_PATHS = (
					"$(inherited)",
					"@executable_path/Frameworks",
				);
				MARKETING_VERSION = 1.0;
				PRODUCT_BUNDLE_IDENTIFIER = "com.nan.H4KOR-News";
				PRODUCT_NAME = "$(TARGET_NAME)";
				SWIFT_EMIT_LOC_STRINGS = YES;
				SWIFT_VERSION = 5.0;
				TARGETED_DEVICE_FAMILY = "1,2";
			};
			name = Release;
		};
/* End XCBuildConfiguration section */

/* Begin XCConfigurationList section */
		CA81FA6028ADE3E6008280D0 /* Build configuration list for PBXProject "H4KOR News" */ = {
			isa = XCConfigurationList;
			buildConfigurations = (
				CA81FA7128ADE3E8008280D0 /* Debug */,
				CA81FA7228ADE3E8008280D0 /* Release */,
			);
			defaultConfigurationIsVisible = 0;
			defaultConfigurationName = Release;
		};
		CA81FA7328ADE3E8008280D0 /* Build configuration list for PBXNativeTarget "H4KOR News" */ = {
			isa = XCConfigurationList;
			buildConfigurations = (
				CA81FA7428ADE3E8008280D0 /* Debug */,
				CA81FA7528ADE3E8008280D0 /* Release */,
			);
			defaultConfigurationIsVisible = 0;
			defaultConfigurationName = Release;
		};
/* End XCConfigurationList section */
	};
	rootObject = CA81FA5D28ADE3E6008280D0 /* Project object */;
}
